
Microsoft Visual Studio Solution File, Format Version 12.00
# Visual Studio Version 17
VisualStudioVersion = 17.9.34728.123
MinimumVisualStudioVersion = 10.0.40219.1
Project("{FAE04EC0-301F-11D3-BF4B-00C04F79EFBC}") = "model_practic", "model_practic.csproj", "{F8234DA9-3988-427C-8470-0ED2D8DEEF46}"
EndProject
Global
	GlobalSection(SolutionConfigurationPlatforms) = preSolution
		Debug|Any CPU = Debug|Any CPU
		Release|Any CPU = Release|Any CPU
	EndGlobalSection
	GlobalSection(ProjectConfigurationPlatforms) = postSolution
		{F8234DA9-3988-427C-8470-0ED2D8DEEF46}.Debug|Any CPU.ActiveCfg = Debug|Any CPU
		{F8234DA9-3988-427C-8470-0ED2D8DEEF46}.Debug|Any CPU.Build.0 = Debug|Any CPU
		{F8234DA9-3988-427C-8470-0ED2D8DEEF46}.Release|Any CPU.ActiveCfg = Release|Any CPU
		{F8234DA9-3988-427C-8470-0ED2D8DEEF46}.Release|Any CPU.Build.0 = Release|Any CPU
	EndGlobalSection
	GlobalSection(SolutionProperties) = preSolution
		HideSolutionNode = FALSE
	EndGlobalSection
	GlobalSection(ExtensibilityGlobals) = postSolution
		SolutionGuid = {B3DD6450-A404-49A0-8D07-4C662933FA78}
	EndGlobalSection
EndGlobal
